
Microsoft Visual Studio Solution File, Format Version 12.00
# Visual Studio Version 16
VisualStudioVersion = 16.0.31005.135
MinimumVisualStudioVersion = 10.0.40219.1
Project("{F184B08F-C81C-45F6-A57F-5ABD9991F28F}") = "UnpivotTool", "UnpivotTool.vbproj", "{64C59933-9E50-42E4-987B-4EB156F92357}"
EndProject
Global
	GlobalSection(SolutionConfigurationPlatforms) = preSolution
		Debug|Any CPU = Debug|Any CPU
		Release|Any CPU = Release|Any CPU
	EndGlobalSection
	GlobalSection(ProjectConfigurationPlatforms) = postSolution
		{64C59933-9E50-42E4-987B-4EB156F92357}.Debug|Any CPU.ActiveCfg = Debug|Any CPU
		{64C59933-9E50-42E4-987B-4EB156F92357}.Debug|Any CPU.Build.0 = Debug|Any CPU
		{64C59933-9E50-42E4-987B-4EB156F92357}.Release|Any CPU.ActiveCfg = Release|Any CPU
		{64C59933-9E50-42E4-987B-4EB156F92357}.Release|Any CPU.Build.0 = Release|Any CPU
	EndGlobalSection
	GlobalSection(SolutionProperties) = preSolution
		HideSolutionNode = FALSE
	EndGlobalSection
	GlobalSection(ExtensibilityGlobals) = postSolution
		SolutionGuid = {8E62B618-668A-4D67-AB11-48A1E1F086E2}
	EndGlobalSection
EndGlobal
